
Microsoft Visual Studio Solution File, Format Version 12.00
# Visual Studio Version 17
VisualStudioVersion = 17.6.33815.320
MinimumVisualStudioVersion = 10.0.40219.1
Project("{FAE04EC0-301F-11D3-BF4B-00C04F79EFBC}") = "WebApplication3", "WebApplication3\WebApplication3.csproj", "{2B4582CA-75F2-47A1-87C9-8EEFE3055EC2}"
EndProject
Global
	GlobalSection(SolutionConfigurationPlatforms) = preSolution
		Debug|Any CPU = Debug|Any CPU
		Release|Any CPU = Release|Any CPU
	EndGlobalSection
	GlobalSection(ProjectConfigurationPlatforms) = postSolution
		{2B4582CA-75F2-47A1-87C9-8EEFE3055EC2}.Debug|Any CPU.ActiveCfg = Debug|Any CPU
		{2B4582CA-75F2-47A1-87C9-8EEFE3055EC2}.Debug|Any CPU.Build.0 = Debug|Any CPU
		{2B4582CA-75F2-47A1-87C9-8EEFE3055EC2}.Release|Any CPU.ActiveCfg = Release|Any CPU
		{2B4582CA-75F2-47A1-87C9-8EEFE3055EC2}.Release|Any CPU.Build.0 = Release|Any CPU
	EndGlobalSection
	GlobalSection(SolutionProperties) = preSolution
		HideSolutionNode = FALSE
	EndGlobalSection
	GlobalSection(ExtensibilityGlobals) = postSolution
		VisualSVNWorkingCopyRoot = .
		SolutionGuid = {0751459C-D60F-40A6-947D-AA15DD782590}
	EndGlobalSection
EndGlobal
